
Microsoft Visual Studio Solution File, Format Version 12.00
# Visual Studio Version 17
VisualStudioVersion = 17.14.36518.9
MinimumVisualStudioVersion = 10.0.40219.1
Project("{9A19103F-16F7-4668-BE54-9A1E7A4F7556}") = "CardValidation.Web", "CardValidation.Web\CardValidation.Web.csproj", "{B6992121-A357-4F08-8C8A-A2CA47424600}"
EndProject
Project("{9A19103F-16F7-4668-BE54-9A1E7A4F7556}") = "CardValidation.Core", "CardValidation.Core\CardValidation.Core.csproj", "{D9D8878E-3213-49FB-83E2-5A9B40EF0B42}"
EndProject
Project("{FAE04EC0-301F-11D3-BF4B-00C04F79EFBC}") = "CardValidation.UnitTests", "CardValidation.UnitTests\CardValidation.UnitTests.csproj", "{5A4F8563-BF4F-413E-BD76-00B4B380AF6D}"
EndProject
Project("{FAE04EC0-301F-11D3-BF4B-00C04F79EFBC}") = "CardValidation.IntegrationTests", "CardValidation.IntegrationTests\CardValidation.IntegrationTests.csproj", "{C99DC0A3-4BD1-4D4D-B430-96D7BAE813AE}"
EndProject
Global
	GlobalSection(SolutionConfigurationPlatforms) = preSolution
		Debug|Any CPU = Debug|Any CPU
		Debug|x64 = Debug|x64
		Debug|x86 = Debug|x86
		Release|Any CPU = Release|Any CPU
		Release|x64 = Release|x64
		Release|x86 = Release|x86
	EndGlobalSection
	GlobalSection(ProjectConfigurationPlatforms) = postSolution
		{B6992121-A357-4F08-8C8A-A2CA47424600}.Debug|Any CPU.ActiveCfg = Debug|Any CPU
		{B6992121-A357-4F08-8C8A-A2CA47424600}.Debug|Any CPU.Build.0 = Debug|Any CPU
		{B6992121-A357-4F08-8C8A-A2CA47424600}.Debug|x64.ActiveCfg = Debug|Any CPU
		{B6992121-A357-4F08-8C8A-A2CA47424600}.Debug|x64.Build.0 = Debug|Any CPU
		{B6992121-A357-4F08-8C8A-A2CA47424600}.Debug|x86.ActiveCfg = Debug|Any CPU
		{B6992121-A357-4F08-8C8A-A2CA47424600}.Debug|x86.Build.0 = Debug|Any CPU
		{B6992121-A357-4F08-8C8A-A2CA47424600}.Release|Any CPU.ActiveCfg = Release|Any CPU
		{B6992121-A357-4F08-8C8A-A2CA47424600}.Release|Any CPU.Build.0 = Release|Any CPU
		{B6992121-A357-4F08-8C8A-A2CA47424600}.Release|x64.ActiveCfg = Release|Any CPU
		{B6992121-A357-4F08-8C8A-A2CA47424600}.Release|x64.Build.0 = Release|Any CPU
		{B6992121-A357-4F08-8C8A-A2CA47424600}.Release|x86.ActiveCfg = Release|Any CPU
		{B6992121-A357-4F08-8C8A-A2CA47424600}.Release|x86.Build.0 = Release|Any CPU
		{D9D8878E-3213-49FB-83E2-5A9B40EF0B42}.Debug|Any CPU.ActiveCfg = Debug|Any CPU
		{D9D8878E-3213-49FB-83E2-5A9B40EF0B42}.Debug|Any CPU.Build.0 = Debug|Any CPU
		{D9D8878E-3213-49FB-83E2-5A9B40EF0B42}.Debug|x64.ActiveCfg = Debug|Any CPU
		{D9D8878E-3213-49FB-83E2-5A9B40EF0B42}.Debug|x64.Build.0 = Debug|Any CPU
		{D9D8878E-3213-49FB-83E2-5A9B40EF0B42}.Debug|x86.ActiveCfg = Debug|Any CPU
		{D9D8878E-3213-49FB-83E2-5A9B40EF0B42}.Debug|x86.Build.0 = Debug|Any CPU
		{D9D8878E-3213-49FB-83E2-5A9B40EF0B42}.Release|Any CPU.ActiveCfg = Release|Any CPU
		{D9D8878E-3213-49FB-83E2-5A9B40EF0B42}.Release|Any CPU.Build.0 = Release|Any CPU
		{D9D8878E-3213-49FB-83E2-5A9B40EF0B42}.Release|x64.ActiveCfg = Release|Any CPU
		{D9D8878E-3213-49FB-83E2-5A9B40EF0B42}.Release|x64.Build.0 = Release|Any CPU
		{D9D8878E-3213-49FB-83E2-5A9B40EF0B42}.Release|x86.ActiveCfg = Release|Any CPU
		{D9D8878E-3213-49FB-83E2-5A9B40EF0B42}.Release|x86.Build.0 = Release|Any CPU
		{5A4F8563-BF4F-413E-BD76-00B4B380AF6D}.Debug|Any CPU.ActiveCfg = Debug|Any CPU
		{5A4F8563-BF4F-413E-BD76-00B4B380AF6D}.Debug|Any CPU.Build.0 = Debug|Any CPU
		{5A4F8563-BF4F-413E-BD76-00B4B380AF6D}.Debug|x64.ActiveCfg = Debug|Any CPU
		{5A4F8563-BF4F-413E-BD76-00B4B380AF6D}.Debug|x64.Build.0 = Debug|Any CPU
		{5A4F8563-BF4F-413E-BD76-00B4B380AF6D}.Debug|x86.ActiveCfg = Debug|Any CPU
		{5A4F8563-BF4F-413E-BD76-00B4B380AF6D}.Debug|x86.Build.0 = Debug|Any CPU
		{5A4F8563-BF4F-413E-BD76-00B4B380AF6D}.Release|Any CPU.ActiveCfg = Release|Any CPU
		{5A4F8563-BF4F-413E-BD76-00B4B380AF6D}.Release|Any CPU.Build.0 = Release|Any CPU
		{5A4F8563-BF4F-413E-BD76-00B4B380AF6D}.Release|x64.ActiveCfg = Release|Any CPU
		{5A4F8563-BF4F-413E-BD76-00B4B380AF6D}.Release|x64.Build.0 = Release|Any CPU
		{5A4F8563-BF4F-413E-BD76-00B4B380AF6D}.Release|x86.ActiveCfg = Release|Any CPU
		{5A4F8563-BF4F-413E-BD76-00B4B380AF6D}.Release|x86.Build.0 = Release|Any CPU
		{C99DC0A3-4BD1-4D4D-B430-96D7BAE813AE}.Debug|Any CPU.ActiveCfg = Debug|Any CPU
		{C99DC0A3-4BD1-4D4D-B430-96D7BAE813AE}.Debug|Any CPU.Build.0 = Debug|Any CPU
		{C99DC0A3-4BD1-4D4D-B430-96D7BAE813AE}.Debug|x64.ActiveCfg = Debug|Any CPU
		{C99DC0A3-4BD1-4D4D-B430-96D7BAE813AE}.Debug|x64.Build.0 = Debug|Any CPU
		{C99DC0A3-4BD1-4D4D-B430-96D7BAE813AE}.Debug|x86.ActiveCfg = Debug|Any CPU
		{C99DC0A3-4BD1-4D4D-B430-96D7BAE813AE}.Debug|x86.Build.0 = Debug|Any CPU
		{C99DC0A3-4BD1-4D4D-B430-96D7BAE813AE}.Release|Any CPU.ActiveCfg = Release|Any CPU
		{C99DC0A3-4BD1-4D4D-B430-96D7BAE813AE}.Release|Any CPU.Build.0 = Release|Any CPU
		{C99DC0A3-4BD1-4D4D-B430-96D7BAE813AE}.Release|x64.ActiveCfg = Release|Any CPU
		{C99DC0A3-4BD1-4D4D-B430-96D7BAE813AE}.Release|x64.Build.0 = Release|Any CPU
		{C99DC0A3-4BD1-4D4D-B430-96D7BAE813AE}.Release|x86.ActiveCfg = Release|Any CPU
		{C99DC0A3-4BD1-4D4D-B430-96D7BAE813AE}.Release|x86.Build.0 = Release|Any CPU
	EndGlobalSection
	GlobalSection(SolutionProperties) = preSolution
		HideSolutionNode = FALSE
	EndGlobalSection
	GlobalSection(ExtensibilityGlobals) = postSolution
		SolutionGuid = {848EE3A9-38E1-4000-96C2-C5A893D24F71}
	EndGlobalSection
EndGlobal
